
Microsoft Visual Studio Solution File, Format Version 12.00
# Visual Studio Version 16
VisualStudioVersion = 16.0.31205.134
MinimumVisualStudioVersion = 10.0.40219.1
Project("{FAE04EC0-301F-11D3-BF4B-00C04F79EFBC}") = "BlogHubMVC", "BlogHubMVC\BlogHubMVC.csproj", "{B56BD955-3ACB-4162-B0AE-DBF45D5205C8}"
EndProject
Global
	GlobalSection(SolutionConfigurationPlatforms) = preSolution
		Debug|Any CPU = Debug|Any CPU
		Release|Any CPU = Release|Any CPU
	EndGlobalSection
	GlobalSection(ProjectConfigurationPlatforms) = postSolution
		{B56BD955-3ACB-4162-B0AE-DBF45D5205C8}.Debug|Any CPU.ActiveCfg = Debug|Any CPU
		{B56BD955-3ACB-4162-B0AE-DBF45D5205C8}.Debug|Any CPU.Build.0 = Debug|Any CPU
		{B56BD955-3ACB-4162-B0AE-DBF45D5205C8}.Release|Any CPU.ActiveCfg = Release|Any CPU
		{B56BD955-3ACB-4162-B0AE-DBF45D5205C8}.Release|Any CPU.Build.0 = Release|Any CPU
	EndGlobalSection
	GlobalSection(SolutionProperties) = preSolution
		HideSolutionNode = FALSE
	EndGlobalSection
	GlobalSection(ExtensibilityGlobals) = postSolution
		SolutionGuid = {27192BA2-70BE-4D42-8465-8B21952C00CE}
	EndGlobalSection
EndGlobal
